// !$*UTF8*$!
{
	archiveVersion = 1;
	classes = {
	};
	objectVersion = 56;
	objects = {

/* Begin PBXBuildFile section */
		D82982FE2ADEDD740055DE3C /* GSU_JudgerApp.swift in Sources */ = {isa = PBXBuildFile; fileRef = D82982FD2ADEDD740055DE3C /* GSU_JudgerApp.swift */; };
		D82983002ADEDD740055DE3C /* ContentView.swift in Sources */ = {isa = PBXBuildFile; fileRef = D82982FF2ADEDD740055DE3C /* ContentView.swift */; };
		D82983022ADEDD750055DE3C /* Assets.xcassets in Resources */ = {isa = PBXBuildFile; fileRef = D82983012ADEDD750055DE3C /* Assets.xcassets */; };
		D82983052ADEDD750055DE3C /* Preview Assets.xcassets in Resources */ = {isa = PBXBuildFile; fileRef = D82983042ADEDD750055DE3C /* Preview Assets.xcassets */; };
		D829830C2ADEE4350055DE3C /* LoginView.swift in Sources */ = {isa = PBXBuildFile; fileRef = D829830B2ADEE4350055DE3C /* LoginView.swift */; };
		D83C0ECE2AE187330031D598 /* GoogleService-Info.plist in Resources */ = {isa = PBXBuildFile; fileRef = D83C0ECD2AE187330031D598 /* GoogleService-Info.plist */; };
		D83C0ED12AE1889B0031D598 /* FirebaseAuth in Frameworks */ = {isa = PBXBuildFile; productRef = D83C0ED02AE1889B0031D598 /* FirebaseAuth */; };
		D83C0ED32AE1889B0031D598 /* FirebaseAuthCombine-Community in Frameworks */ = {isa = PBXBuildFile; productRef = D83C0ED22AE1889B0031D598 /* FirebaseAuthCombine-Community */; };
		D83C0ED52AE1889B0031D598 /* FirebaseDatabase in Frameworks */ = {isa = PBXBuildFile; productRef = D83C0ED42AE1889B0031D598 /* FirebaseDatabase */; };
		D83C0ED72AE1889B0031D598 /* FirebaseDatabaseSwift in Frameworks */ = {isa = PBXBuildFile; productRef = D83C0ED62AE1889B0031D598 /* FirebaseDatabaseSwift */; };
		D83C0ED92AE1889B0031D598 /* FirebaseFirestore in Frameworks */ = {isa = PBXBuildFile; productRef = D83C0ED82AE1889B0031D598 /* FirebaseFirestore */; };
		D83C0EDB2AE1889B0031D598 /* FirebaseFirestoreCombine-Community in Frameworks */ = {isa = PBXBuildFile; productRef = D83C0EDA2AE1889B0031D598 /* FirebaseFirestoreCombine-Community */; };
		D83C0EDD2AE1889B0031D598 /* FirebaseFirestoreSwift in Frameworks */ = {isa = PBXBuildFile; productRef = D83C0EDC2AE1889B0031D598 /* FirebaseFirestoreSwift */; };
		D83C0EDF2AE1889B0031D598 /* FirebaseStorage in Frameworks */ = {isa = PBXBuildFile; productRef = D83C0EDE2AE1889B0031D598 /* FirebaseStorage */; };
		D83C0EE12AE1889B0031D598 /* FirebaseStorageCombine-Community in Frameworks */ = {isa = PBXBuildFile; productRef = D83C0EE02AE1889B0031D598 /* FirebaseStorageCombine-Community */; };
		D83C0EE62AE18F4E0031D598 /* EventAddView.swift in Sources */ = {isa = PBXBuildFile; fileRef = D83C0EE52AE18F4E0031D598 /* EventAddView.swift */; };
		D8D0C4FD2AE05BC200C192F9 /* EventListView.swift in Sources */ = {isa = PBXBuildFile; fileRef = D8D0C4FC2AE05BC200C192F9 /* EventListView.swift */; };
		D8D0C4FF2AE05BCB00C192F9 /* ProjectListView.swift in Sources */ = {isa = PBXBuildFile; fileRef = D8D0C4FE2AE05BCB00C192F9 /* ProjectListView.swift */; };
		D8D0C5012AE05BD900C192F9 /* ProjectAddView.swift in Sources */ = {isa = PBXBuildFile; fileRef = D8D0C5002AE05BD900C192F9 /* ProjectAddView.swift */; };
		D8D0C5032AE05F9700C192F9 /* RegisterUserView.swift in Sources */ = {isa = PBXBuildFile; fileRef = D8D0C5022AE05F9700C192F9 /* RegisterUserView.swift */; };
/* End PBXBuildFile section */

/* Begin PBXFileReference section */
		D82982FA2ADEDD740055DE3C /* GSU-Judger.app */ = {isa = PBXFileReference; explicitFileType = wrapper.application; includeInIndex = 0; path = "GSU-Judger.app"; sourceTree = BUILT_PRODUCTS_DIR; };
		D82982FD2ADEDD740055DE3C /* GSU_JudgerApp.swift */ = {isa = PBXFileReference; lastKnownFileType = sourcecode.swift; path = GSU_JudgerApp.swift; sourceTree = "<group>"; };
		D82982FF2ADEDD740055DE3C /* ContentView.swift */ = {isa = PBXFileReference; lastKnownFileType = sourcecode.swift; path = ContentView.swift; sourceTree = "<group>"; };
		D82983012ADEDD750055DE3C /* Assets.xcassets */ = {isa = PBXFileReference; lastKnownFileType = folder.assetcatalog; path = Assets.xcassets; sourceTree = "<group>"; };
		D82983042ADEDD750055DE3C /* Preview Assets.xcassets */ = {isa = PBXFileReference; lastKnownFileType = folder.assetcatalog; path = "Preview Assets.xcassets"; sourceTree = "<group>"; };
		D829830B2ADEE4350055DE3C /* LoginView.swift */ = {isa = PBXFileReference; lastKnownFileType = sourcecode.swift; path = LoginView.swift; sourceTree = "<group>"; };
		D83C0ECD2AE187330031D598 /* GoogleService-Info.plist */ = {isa = PBXFileReference; fileEncoding = 4; lastKnownFileType = text.plist.xml; path = "GoogleService-Info.plist"; sourceTree = "<group>"; };
		D83C0EE52AE18F4E0031D598 /* EventAddView.swift */ = {isa = PBXFileReference; lastKnownFileType = sourcecode.swift; path = EventAddView.swift; sourceTree = "<group>"; };
		D8D0C4FC2AE05BC200C192F9 /* EventListView.swift */ = {isa = PBXFileReference; lastKnownFileType = sourcecode.swift; path = EventListView.swift; sourceTree = "<group>"; };
		D8D0C4FE2AE05BCB00C192F9 /* ProjectListView.swift */ = {isa = PBXFileReference; lastKnownFileType = sourcecode.swift; path = ProjectListView.swift; sourceTree = "<group>"; };
		D8D0C5002AE05BD900C192F9 /* ProjectAddView.swift */ = {isa = PBXFileReference; lastKnownFileType = sourcecode.swift; path = ProjectAddView.swift; sourceTree = "<group>"; };
		D8D0C5022AE05F9700C192F9 /* RegisterUserView.swift */ = {isa = PBXFileReference; lastKnownFileType = sourcecode.swift; path = RegisterUserView.swift; sourceTree = "<group>"; };
/* End PBXFileReference section */

/* Begin PBXFrameworksBuildPhase section */
		D82982F72ADEDD740055DE3C /* Frameworks */ = {
			isa = PBXFrameworksBuildPhase;
			buildActionMask = 2147483647;
			files = (
				D83C0ED72AE1889B0031D598 /* FirebaseDatabaseSwift in Frameworks */,
				D83C0ED52AE1889B0031D598 /* FirebaseDatabase in Frameworks */,
				D83C0ED12AE1889B0031D598 /* FirebaseAuth in Frameworks */,
				D83C0EDD2AE1889B0031D598 /* FirebaseFirestoreSwift in Frameworks */,
				D83C0EDB2AE1889B0031D598 /* FirebaseFirestoreCombine-Community in Frameworks */,
				D83C0EDF2AE1889B0031D598 /* FirebaseStorage in Frameworks */,
				D83C0ED92AE1889B0031D598 /* FirebaseFirestore in Frameworks */,
				D83C0EE12AE1889B0031D598 /* FirebaseStorageCombine-Community in Frameworks */,
				D83C0ED32AE1889B0031D598 /* FirebaseAuthCombine-Community in Frameworks */,
			);
			runOnlyForDeploymentPostprocessing = 0;
		};
/* End PBXFrameworksBuildPhase section */

/* Begin PBXGroup section */
		D82982F12ADEDD740055DE3C = {
			isa = PBXGroup;
			children = (
				D82982FC2ADEDD740055DE3C /* GSU-Judger */,
				D82982FB2ADEDD740055DE3C /* Products */,
			);
			sourceTree = "<group>";
		};
		D82982FB2ADEDD740055DE3C /* Products */ = {
			isa = PBXGroup;
			children = (
				D82982FA2ADEDD740055DE3C /* GSU-Judger.app */,
			);
			name = Products;
			sourceTree = "<group>";
		};
		D82982FC2ADEDD740055DE3C /* GSU-Judger */ = {
			isa = PBXGroup;
			children = (
				D83C0ECD2AE187330031D598 /* GoogleService-Info.plist */,
				D82982FD2ADEDD740055DE3C /* GSU_JudgerApp.swift */,
				D82982FF2ADEDD740055DE3C /* ContentView.swift */,
				D829830B2ADEE4350055DE3C /* LoginView.swift */,
				D8D0C5022AE05F9700C192F9 /* RegisterUserView.swift */,
				D83C0EE32AE18F290031D598 /* Project */,
				D83C0EE22AE18F1F0031D598 /* Event */,
				D82983012ADEDD750055DE3C /* Assets.xcassets */,
				D82983032ADEDD750055DE3C /* Preview Content */,
			);
			path = "GSU-Judger";
			sourceTree = "<group>";
		};
		D82983032ADEDD750055DE3C /* Preview Content */ = {
			isa = PBXGroup;
			children = (
				D82983042ADEDD750055DE3C /* Preview Assets.xcassets */,
			);
			path = "Preview Content";
			sourceTree = "<group>";
		};
		D83C0EE22AE18F1F0031D598 /* Event */ = {
			isa = PBXGroup;
			children = (
				D8D0C4FC2AE05BC200C192F9 /* EventListView.swift */,
				D83C0EE52AE18F4E0031D598 /* EventAddView.swift */,
			);
			path = Event;
			sourceTree = "<group>";
		};
		D83C0EE32AE18F290031D598 /* Project */ = {
			isa = PBXGroup;
			children = (
				D8D0C4FE2AE05BCB00C192F9 /* ProjectListView.swift */,
				D8D0C5002AE05BD900C192F9 /* ProjectAddView.swift */,
			);
			path = Project;
			sourceTree = "<group>";
		};
/* End PBXGroup section */

/* Begin PBXNativeTarget section */
		D82982F92ADEDD740055DE3C /* GSU-Judger */ = {
			isa = PBXNativeTarget;
			buildConfigurationList = D82983082ADEDD750055DE3C /* Build configuration list for PBXNativeTarget "GSU-Judger" */;
			buildPhases = (
				D82982F62ADEDD740055DE3C /* Sources */,
				D82982F72ADEDD740055DE3C /* Frameworks */,
				D82982F82ADEDD740055DE3C /* Resources */,
			);
			buildRules = (
			);
			dependencies = (
			);
			name = "GSU-Judger";
			packageProductDependencies = (
				D83C0ED02AE1889B0031D598 /* FirebaseAuth */,
				D83C0ED22AE1889B0031D598 /* FirebaseAuthCombine-Community */,
				D83C0ED42AE1889B0031D598 /* FirebaseDatabase */,
				D83C0ED62AE1889B0031D598 /* FirebaseDatabaseSwift */,
				D83C0ED82AE1889B0031D598 /* FirebaseFirestore */,
				D83C0EDA2AE1889B0031D598 /* FirebaseFirestoreCombine-Community */,
				D83C0EDC2AE1889B0031D598 /* FirebaseFirestoreSwift */,
				D83C0EDE2AE1889B0031D598 /* FirebaseStorage */,
				D83C0EE02AE1889B0031D598 /* FirebaseStorageCombine-Community */,
			);
			productName = "GSU-Judger";
			productReference = D82982FA2ADEDD740055DE3C /* GSU-Judger.app */;
			productType = "com.apple.product-type.application";
		};
/* End PBXNativeTarget section */

/* Begin PBXProject section */
		D82982F22ADEDD740055DE3C /* Project object */ = {
			isa = PBXProject;
			attributes = {
				BuildIndependentTargetsInParallel = 1;
				LastSwiftUpdateCheck = 1500;
				LastUpgradeCheck = 1500;
				TargetAttributes = {
					D82982F92ADEDD740055DE3C = {
						CreatedOnToolsVersion = 15.0;
					};
				};
			};
			buildConfigurationList = D82982F52ADEDD740055DE3C /* Build configuration list for PBXProject "GSU-Judger" */;
			compatibilityVersion = "Xcode 14.0";
			developmentRegion = en;
			hasScannedForEncodings = 0;
			knownRegions = (
				en,
				Base,
			);
			mainGroup = D82982F12ADEDD740055DE3C;
			packageReferences = (
				D83C0ECF2AE1889B0031D598 /* XCRemoteSwiftPackageReference "firebase-ios-sdk" */,
			);
			productRefGroup = D82982FB2ADEDD740055DE3C /* Products */;
			projectDirPath = "";
			projectRoot = "";
			targets = (
				D82982F92ADEDD740055DE3C /* GSU-Judger */,
			);
		};
/* End PBXProject section */

/* Begin PBXResourcesBuildPhase section */
		D82982F82ADEDD740055DE3C /* Resources */ = {
			isa = PBXResourcesBuildPhase;
			buildActionMask = 2147483647;
			files = (
				D82983052ADEDD750055DE3C /* Preview Assets.xcassets in Resources */,
				D82983022ADEDD750055DE3C /* Assets.xcassets in Resources */,
				D83C0ECE2AE187330031D598 /* GoogleService-Info.plist in Resources */,
			);
			runOnlyForDeploymentPostprocessing = 0;
		};
/* End PBXResourcesBuildPhase section */

/* Begin PBXSourcesBuildPhase section */
		D82982F62ADEDD740055DE3C /* Sources */ = {
			isa = PBXSourcesBuildPhase;
			buildActionMask = 2147483647;
			files = (
				D8D0C5012AE05BD900C192F9 /* ProjectAddView.swift in Sources */,
				D8D0C5032AE05F9700C192F9 /* RegisterUserView.swift in Sources */,
				D829830C2ADEE4350055DE3C /* LoginView.swift in Sources */,
				D83C0EE62AE18F4E0031D598 /* EventAddView.swift in Sources */,
				D8D0C4FF2AE05BCB00C192F9 /* ProjectListView.swift in Sources */,
				D82983002ADEDD740055DE3C /* ContentView.swift in Sources */,
				D82982FE2ADEDD740055DE3C /* GSU_JudgerApp.swift in Sources */,
				D8D0C4FD2AE05BC200C192F9 /* EventListView.swift in Sources */,
			);
			runOnlyForDeploymentPostprocessing = 0;
		};
/* End PBXSourcesBuildPhase section */

/* Begin XCBuildConfiguration section */
		D82983062ADEDD750055DE3C /* Debug */ = {
			isa = XCBuildConfiguration;
			buildSettings = {
				ALWAYS_SEARCH_USER_PATHS = NO;
				ASSETCATALOG_COMPILER_GENERATE_SWIFT_ASSET_SYMBOL_EXTENSIONS = YES;
				CLANG_ANALYZER_NONNULL = YES;
				CLANG_ANALYZER_NUMBER_OBJECT_CONVERSION = YES_AGGRESSIVE;
				CLANG_CXX_LANGUAGE_STANDARD = "gnu++20";
				CLANG_ENABLE_MODULES = YES;
				CLANG_ENABLE_OBJC_ARC = YES;
				CLANG_ENABLE_OBJC_WEAK = YES;
				CLANG_WARN_BLOCK_CAPTURE_AUTORELEASING = YES;
				CLANG_WARN_BOOL_CONVERSION = YES;
				CLANG_WARN_COMMA = YES;
				CLANG_WARN_CONSTANT_CONVERSION = YES;
				CLANG_WARN_DEPRECATED_OBJC_IMPLEMENTATIONS = YES;
				CLANG_WARN_DIRECT_OBJC_ISA_USAGE = YES_ERROR;
				CLANG_WARN_DOCUMENTATION_COMMENTS = YES;
				CLANG_WARN_EMPTY_BODY = YES;
				CLANG_WARN_ENUM_CONVERSION = YES;
				CLANG_WARN_INFINITE_RECURSION = YES;
				CLANG_WARN_INT_CONVERSION = YES;
				CLANG_WARN_NON_LITERAL_NULL_CONVERSION = YES;
				CLANG_WARN_OBJC_IMPLICIT_RETAIN_SELF = YES;
				CLANG_WARN_OBJC_LITERAL_CONVERSION = YES;
				CLANG_WARN_OBJC_ROOT_CLASS = YES_ERROR;
				CLANG_WARN_QUOTED_INCLUDE_IN_FRAMEWORK_HEADER = YES;
				CLANG_WARN_RANGE_LOOP_ANALYSIS = YES;
				CLANG_WARN_STRICT_PROTOTYPES = YES;
				CLANG_WARN_SUSPICIOUS_MOVE = YES;
				CLANG_WARN_UNGUARDED_AVAILABILITY = YES_AGGRESSIVE;
				CLANG_WARN_UNREACHABLE_CODE = YES;
				CLANG_WARN__DUPLICATE_METHOD_MATCH = YES;
				COPY_PHASE_STRIP = NO;
				DEBUG_INFORMATION_FORMAT = dwarf;
				ENABLE_STRICT_OBJC_MSGSEND = YES;
				ENABLE_TESTABILITY = YES;
				ENABLE_USER_SCRIPT_SANDBOXING = YES;
				GCC_C_LANGUAGE_STANDARD = gnu17;
				GCC_DYNAMIC_NO_PIC = NO;
				GCC_NO_COMMON_BLOCKS = YES;
				GCC_OPTIMIZATION_LEVEL = 0;
				GCC_PREPROCESSOR_DEFINITIONS = (
					"DEBUG=1",
					"$(inherited)",
				);
				GCC_WARN_64_TO_32_BIT_CONVERSION = YES;
				GCC_WARN_ABOUT_RETURN_TYPE = YES_ERROR;
				GCC_WARN_UNDECLARED_SELECTOR = YES;
				GCC_WARN_UNINITIALIZED_AUTOS = YES_AGGRESSIVE;
				GCC_WARN_UNUSED_FUNCTION = YES;
				GCC_WARN_UNUSED_VARIABLE = YES;
				IPHONEOS_DEPLOYMENT_TARGET = 17.0;
				LOCALIZATION_PREFERS_STRING_CATALOGS = YES;
				MTL_ENABLE_DEBUG_INFO = INCLUDE_SOURCE;
				MTL_FAST_MATH = YES;
				ONLY_ACTIVE_ARCH = YES;
				SDKROOT = iphoneos;
				SWIFT_ACTIVE_COMPILATION_CONDITIONS = "DEBUG $(inherited)";
				SWIFT_OPTIMIZATION_LEVEL = "-Onone";
			};
			name = Debug;
		};
		D82983072ADEDD750055DE3C /* Release */ = {
			isa = XCBuildConfiguration;
			buildSettings = {
				ALWAYS_SEARCH_USER_PATHS = NO;
				ASSETCATALOG_COMPILER_GENERATE_SWIFT_ASSET_SYMBOL_EXTENSIONS = YES;
				CLANG_ANALYZER_NONNULL = YES;
				CLANG_ANALYZER_NUMBER_OBJECT_CONVERSION = YES_AGGRESSIVE;
				CLANG_CXX_LANGUAGE_STANDARD = "gnu++20";
				CLANG_ENABLE_MODULES = YES;
				CLANG_ENABLE_OBJC_ARC = YES;
				CLANG_ENABLE_OBJC_WEAK = YES;
				CLANG_WARN_BLOCK_CAPTURE_AUTORELEASING = YES;
				CLANG_WARN_BOOL_CONVERSION = YES;
				CLANG_WARN_COMMA = YES;
				CLANG_WARN_CONSTANT_CONVERSION = YES;
				CLANG_WARN_DEPRECATED_OBJC_IMPLEMENTATIONS = YES;
				CLANG_WARN_DIRECT_OBJC_ISA_USAGE = YES_ERROR;
				CLANG_WARN_DOCUMENTATION_COMMENTS = YES;
				CLANG_WARN_EMPTY_BODY = YES;
				CLANG_WARN_ENUM_CONVERSION = YES;
				CLANG_WARN_INFINITE_RECURSION = YES;
				CLANG_WARN_INT_CONVERSION = YES;
				CLANG_WARN_NON_LITERAL_NULL_CONVERSION = YES;
				CLANG_WARN_OBJC_IMPLICIT_RETAIN_SELF = YES;
				CLANG_WARN_OBJC_LITERAL_CONVERSION = YES;
				CLANG_WARN_OBJC_ROOT_CLASS = YES_ERROR;
				CLANG_WARN_QUOTED_INCLUDE_IN_FRAMEWORK_HEADER = YES;
				CLANG_WARN_RANGE_LOOP_ANALYSIS = YES;
				CLANG_WARN_STRICT_PROTOTYPES = YES;
				CLANG_WARN_SUSPICIOUS_MOVE = YES;
				CLANG_WARN_UNGUARDED_AVAILABILITY = YES_AGGRESSIVE;
				CLANG_WARN_UNREACHABLE_CODE = YES;
				CLANG_WARN__DUPLICATE_METHOD_MATCH = YES;
				COPY_PHASE_STRIP = NO;
				DEBUG_INFORMATION_FORMAT = "dwarf-with-dsym";
				ENABLE_NS_ASSERTIONS = NO;
				ENABLE_STRICT_OBJC_MSGSEND = YES;
				ENABLE_USER_SCRIPT_SANDBOXING = YES;
				GCC_C_LANGUAGE_STANDARD = gnu17;
				GCC_NO_COMMON_BLOCKS = YES;
				GCC_WARN_64_TO_32_BIT_CONVERSION = YES;
				GCC_WARN_ABOUT_RETURN_TYPE = YES_ERROR;
				GCC_WARN_UNDECLARED_SELECTOR = YES;
				GCC_WARN_UNINITIALIZED_AUTOS = YES_AGGRESSIVE;
				GCC_WARN_UNUSED_FUNCTION = YES;
				GCC_WARN_UNUSED_VARIABLE = YES;
				IPHONEOS_DEPLOYMENT_TARGET = 17.0;
				LOCALIZATION_PREFERS_STRING_CATALOGS = YES;
				MTL_ENABLE_DEBUG_INFO = NO;
				MTL_FAST_MATH = YES;
				SDKROOT = iphoneos;
				SWIFT_COMPILATION_MODE = wholemodule;
				VALIDATE_PRODUCT = YES;
			};
			name = Release;
		};
		D82983092ADEDD750055DE3C /* Debug */ = {
			isa = XCBuildConfiguration;
			buildSettings = {
				ASSETCATALOG_COMPILER_APPICON_NAME = AppIcon;
				ASSETCATALOG_COMPILER_GLOBAL_ACCENT_COLOR_NAME = AccentColor;
				CODE_SIGN_IDENTITY = "Apple Development";
				CODE_SIGN_STYLE = Automatic;
				CURRENT_PROJECT_VERSION = 1;
				DEVELOPMENT_ASSET_PATHS = "\"GSU-Judger/Preview Content\"";
				DEVELOPMENT_TEAM = 2C89D7FYA2;
				ENABLE_PREVIEWS = YES;
				GENERATE_INFOPLIST_FILE = YES;
				INFOPLIST_KEY_UIApplicationSceneManifest_Generation = YES;
				INFOPLIST_KEY_UIApplicationSupportsIndirectInputEvents = YES;
				INFOPLIST_KEY_UILaunchScreen_Generation = YES;
				INFOPLIST_KEY_UISupportedInterfaceOrientations_iPad = "UIInterfaceOrientationPortrait UIInterfaceOrientationPortraitUpsideDown UIInterfaceOrientationLandscapeLeft UIInterfaceOrientationLandscapeRight";
				INFOPLIST_KEY_UISupportedInterfaceOrientations_iPhone = "UIInterfaceOrientationPortrait UIInterfaceOrientationLandscapeLeft UIInterfaceOrientationLandscapeRight";
				LD_RUNPATH_SEARCH_PATHS = (
					"$(inherited)",
					"@executable_path/Frameworks",
				);
				MARKETING_VERSION = 1.0;
				PRODUCT_BUNDLE_IDENTIFIER = "Yoon.Chris.GSU-Judger";
				PRODUCT_NAME = "$(TARGET_NAME)";
				PROVISIONING_PROFILE_SPECIFIER = "";
				SWIFT_EMIT_LOC_STRINGS = YES;
				SWIFT_VERSION = 5.0;
				TARGETED_DEVICE_FAMILY = "1,2";
			};
			name = Debug;
		};
		D829830A2ADEDD750055DE3C /* Release */ = {
			isa = XCBuildConfiguration;
			buildSettings = {
				ASSETCATALOG_COMPILER_APPICON_NAME = AppIcon;
				ASSETCATALOG_COMPILER_GLOBAL_ACCENT_COLOR_NAME = AccentColor;
				CODE_SIGN_IDENTITY = "Apple Development";
				CODE_SIGN_STYLE = Automatic;
				CURRENT_PROJECT_VERSION = 1;
				DEVELOPMENT_ASSET_PATHS = "\"GSU-Judger/Preview Content\"";
				DEVELOPMENT_TEAM = 2C89D7FYA2;
				ENABLE_PREVIEWS = YES;
				GENERATE_INFOPLIST_FILE = YES;
				INFOPLIST_KEY_UIApplicationSceneManifest_Generation = YES;
				INFOPLIST_KEY_UIApplicationSupportsIndirectInputEvents = YES;
				INFOPLIST_KEY_UILaunchScreen_Generation = YES;
				INFOPLIST_KEY_UISupportedInterfaceOrientations_iPad = "UIInterfaceOrientationPortrait UIInterfaceOrientationPortraitUpsideDown UIInterfaceOrientationLandscapeLeft UIInterfaceOrientationLandscapeRight";
				INFOPLIST_KEY_UISupportedInterfaceOrientations_iPhone = "UIInterfaceOrientationPortrait UIInterfaceOrientationLandscapeLeft UIInterfaceOrientationLandscapeRight";
				LD_RUNPATH_SEARCH_PATHS = (
					"$(inherited)",
					"@executable_path/Frameworks",
				);
				MARKETING_VERSION = 1.0;
				PRODUCT_BUNDLE_IDENTIFIER = "Yoon.Chris.GSU-Judger";
				PRODUCT_NAME = "$(TARGET_NAME)";
				PROVISIONING_PROFILE_SPECIFIER = "";
				SWIFT_EMIT_LOC_STRINGS = YES;
				SWIFT_VERSION = 5.0;
				TARGETED_DEVICE_FAMILY = "1,2";
			};
			name = Release;
		};
/* End XCBuildConfiguration section */

/* Begin XCConfigurationList section */
		D82982F52ADEDD740055DE3C /* Build configuration list for PBXProject "GSU-Judger" */ = {
			isa = XCConfigurationList;
			buildConfigurations = (
				D82983062ADEDD750055DE3C /* Debug */,
				D82983072ADEDD750055DE3C /* Release */,
			);
			defaultConfigurationIsVisible = 0;
			defaultConfigurationName = Release;
		};
		D82983082ADEDD750055DE3C /* Build configuration list for PBXNativeTarget "GSU-Judger" */ = {
			isa = XCConfigurationList;
			buildConfigurations = (
				D82983092ADEDD750055DE3C /* Debug */,
				D829830A2ADEDD750055DE3C /* Release */,
			);
			defaultConfigurationIsVisible = 0;
			defaultConfigurationName = Release;
		};
/* End XCConfigurationList section */

/* Begin XCRemoteSwiftPackageReference section */
		D83C0ECF2AE1889B0031D598 /* XCRemoteSwiftPackageReference "firebase-ios-sdk" */ = {
			isa = XCRemoteSwiftPackageReference;
			repositoryURL = "https://github.com/firebase/firebase-ios-sdk";
			requirement = {
				kind = upToNextMajorVersion;
				minimumVersion = 10.16.0;
			};
		};
/* End XCRemoteSwiftPackageReference section */

/* Begin XCSwiftPackageProductDependency section */
		D83C0ED02AE1889B0031D598 /* FirebaseAuth */ = {
			isa = XCSwiftPackageProductDependency;
			package = D83C0ECF2AE1889B0031D598 /* XCRemoteSwiftPackageReference "firebase-ios-sdk" */;
			productName = FirebaseAuth;
		};
		D83C0ED22AE1889B0031D598 /* FirebaseAuthCombine-Community */ = {
			isa = XCSwiftPackageProductDependency;
			package = D83C0ECF2AE1889B0031D598 /* XCRemoteSwiftPackageReference "firebase-ios-sdk" */;
			productName = "FirebaseAuthCombine-Community";
		};
		D83C0ED42AE1889B0031D598 /* FirebaseDatabase */ = {
			isa = XCSwiftPackageProductDependency;
			package = D83C0ECF2AE1889B0031D598 /* XCRemoteSwiftPackageReference "firebase-ios-sdk" */;
			productName = FirebaseDatabase;
		};
		D83C0ED62AE1889B0031D598 /* FirebaseDatabaseSwift */ = {
			isa = XCSwiftPackageProductDependency;
			package = D83C0ECF2AE1889B0031D598 /* XCRemoteSwiftPackageReference "firebase-ios-sdk" */;
			productName = FirebaseDatabaseSwift;
		};
		D83C0ED82AE1889B0031D598 /* FirebaseFirestore */ = {
			isa = XCSwiftPackageProductDependency;
			package = D83C0ECF2AE1889B0031D598 /* XCRemoteSwiftPackageReference "firebase-ios-sdk" */;
			productName = FirebaseFirestore;
		};
		D83C0EDA2AE1889B0031D598 /* FirebaseFirestoreCombine-Community */ = {
			isa = XCSwiftPackageProductDependency;
			package = D83C0ECF2AE1889B0031D598 /* XCRemoteSwiftPackageReference "firebase-ios-sdk" */;
			productName = "FirebaseFirestoreCombine-Community";
		};
		D83C0EDC2AE1889B0031D598 /* FirebaseFirestoreSwift */ = {
			isa = XCSwiftPackageProductDependency;
			package = D83C0ECF2AE1889B0031D598 /* XCRemoteSwiftPackageReference "firebase-ios-sdk" */;
			productName = FirebaseFirestoreSwift;
		};
		D83C0EDE2AE1889B0031D598 /* FirebaseStorage */ = {
			isa = XCSwiftPackageProductDependency;
			package = D83C0ECF2AE1889B0031D598 /* XCRemoteSwiftPackageReference "firebase-ios-sdk" */;
			productName = FirebaseStorage;
		};
		D83C0EE02AE1889B0031D598 /* FirebaseStorageCombine-Community */ = {
			isa = XCSwiftPackageProductDependency;
			package = D83C0ECF2AE1889B0031D598 /* XCRemoteSwiftPackageReference "firebase-ios-sdk" */;
			productName = "FirebaseStorageCombine-Community";
		};
/* End XCSwiftPackageProductDependency section */
	};
	rootObject = D82982F22ADEDD740055DE3C /* Project object */;
}
